
Microsoft Visual Studio Solution File, Format Version 12.00
# Visual Studio Version 16
VisualStudioVersion = 16.0.30503.244
MinimumVisualStudioVersion = 10.0.40219.1
Project("{FAE04EC0-301F-11D3-BF4B-00C04F79EFBC}") = "SkypeUIDesign", "SkypeUIDesign\SkypeUIDesign.csproj", "{6883BDA6-B079-4567-AEF6-6BCCB8CF105A}"
EndProject
Global
	GlobalSection(SolutionConfigurationPlatforms) = preSolution
		Debug|Any CPU = Debug|Any CPU
		Release|Any CPU = Release|Any CPU
	EndGlobalSection
	GlobalSection(ProjectConfigurationPlatforms) = postSolution
		{6883BDA6-B079-4567-AEF6-6BCCB8CF105A}.Debug|Any CPU.ActiveCfg = Debug|Any CPU
		{6883BDA6-B079-4567-AEF6-6BCCB8CF105A}.Debug|Any CPU.Build.0 = Debug|Any CPU
		{6883BDA6-B079-4567-AEF6-6BCCB8CF105A}.Release|Any CPU.ActiveCfg = Release|Any CPU
		{6883BDA6-B079-4567-AEF6-6BCCB8CF105A}.Release|Any CPU.Build.0 = Release|Any CPU
	EndGlobalSection
	GlobalSection(SolutionProperties) = preSolution
		HideSolutionNode = FALSE
	EndGlobalSection
	GlobalSection(ExtensibilityGlobals) = postSolution
		SolutionGuid = {970805B0-EEDA-4A04-AFE8-2EBBD8057F43}
	EndGlobalSection
EndGlobal
